github.com/pactus-project/gopkg/scheduler v0.0.0-20260814094959-3c454d34069e h1:+55qgGyWvoYlGu+UmiyhtTM+nKgiIcAS4ud9DQfaPQ4=
github.com/pactus-project/gopkg/scheduler v0.0.0-20260814094959-3c454d34069e/go.mod h1:R411cuOZcqs2wUZtFaVlV4dCMzqkyWeurlIE//w5/wQ=
golang.org/x/sync v0.22.0 h1:SZjpbeLmrCk4xhRSZFNZW5gFUeCeFgjekvI/+gfScek=
golang.org/x/sync v0.22.0/go.mod h1:9xrNwdLfx4jkKbNva9FpL6vEN7evnE43NNNJQ2LF3+0=
